
Microsoft Visual Studio Solution File, Format Version 12.00
# Visual Studio Version 17
VisualStudioVersion = 17.11.35312.102
MinimumVisualStudioVersion = 10.0.40219.1
Project("{2150E333-8FDC-42A3-9474-1A3956D46DE8}") = "Task0", "Task0", "{30FA7892-9F27-455D-BA87-A7361CA8E1A7}"
EndProject
Project("{9A19103F-16F7-4668-BE54-9A1E7A4F7556}") = "Tyuiu.KokoulinIV.Sprint4.Task0.V27", "Tyuiu.KokoulinIV.Sprint4.Task0.V27\Tyuiu.KokoulinIV.Sprint4.Task0.V27.csproj", "{A93B5B55-33C9-4EA9-A1D8-AC95CE21F502}"
EndProject
Project("{9A19103F-16F7-4668-BE54-9A1E7A4F7556}") = "Tyuiu.KokoulinIV.Sprint4.Task0.V27.Lib", "Tyuiu.KokoulinIV.Sprint4.Task0.V27.Lib\Tyuiu.KokoulinIV.Sprint4.Task0.V27.Lib.csproj", "{C4BDEB67-07DC-432D-A9DD-2F994FB52714}"
EndProject
Project("{9A19103F-16F7-4668-BE54-9A1E7A4F7556}") = "Tyuiu.KokoulinIV.Sprint4.Task0.V27.Test", "Tyuiu.KokoulinIV.Sprint4.Task0.V27.Test\Tyuiu.KokoulinIV.Sprint4.Task0.V27.Test.csproj", "{995E6D9D-3F70-4683-987A-9C3936BAD36B}"
EndProject
Project("{2150E333-8FDC-42A3-9474-1A3956D46DE8}") = "Task1", "Task1", "{73EBF156-917D-4C27-98B7-CB901B38177B}"
EndProject
Project("{9A19103F-16F7-4668-BE54-9A1E7A4F7556}") = "Tyuiu.KokoulinIV.Sprint4.Task1.V17", "Tyuiu.KokoulinIV.Sprint4.Task1.V17\Tyuiu.KokoulinIV.Sprint4.Task1.V17.csproj", "{4F212FCE-F9A0-43DF-B30E-7322458B4777}"
EndProject
Project("{9A19103F-16F7-4668-BE54-9A1E7A4F7556}") = "Tyuiu.KokoulinIV.Sprint4.Task1.V17.Lib", "Tyuiu.KokoulinIV.Sprint4.Task1.V17.Lib\Tyuiu.KokoulinIV.Sprint4.Task1.V17.Lib.csproj", "{889AE7CA-1C5B-4948-84C8-3DE506C2C0CA}"
EndProject
Project("{9A19103F-16F7-4668-BE54-9A1E7A4F7556}") = "Tyuiu.KokoulinIV.Sprint4.Task1.V17.Test", "Tyuiu.KokoulinIV.Sprint4.Task1.V17.Test\Tyuiu.KokoulinIV.Sprint4.Task1.V17.Test.csproj", "{61E89716-905E-4DEF-9081-C0625792D6B9}"
EndProject
Project("{2150E333-8FDC-42A3-9474-1A3956D46DE8}") = "Task2", "Task2", "{FA885177-6BFA-4006-BD94-0F99C1ED3C3C}"
EndProject
Project("{9A19103F-16F7-4668-BE54-9A1E7A4F7556}") = "Tyuiu.KokoulinIV.Sprint4.Task2.V26", "Tyuiu.KokoulinIV.Sprint4.Task2.V26\Tyuiu.KokoulinIV.Sprint4.Task2.V26.csproj", "{1749D2EC-188F-4FE0-A01A-4860472D14E5}"
EndProject
Project("{9A19103F-16F7-4668-BE54-9A1E7A4F7556}") = "Tyuiu.KokoulinIV.Sprint4.Task2.V26.Lib", "Tyuiu.KokoulinIV.Sprint4.Task2.V26.Lib\Tyuiu.KokoulinIV.Sprint4.Task2.V26.Lib.csproj", "{3F56CFD8-F5F8-49D1-9899-47FEDE78079C}"
EndProject
Project("{9A19103F-16F7-4668-BE54-9A1E7A4F7556}") = "Tyuiu.KokoulinIV.Sprint4.Task2.V26.Test", "Tyuiu.KokoulinIV.Sprint4.Task2.V26.Test\Tyuiu.KokoulinIV.Sprint4.Task2.V26.Test.csproj", "{0633026D-81E2-4B76-9C5F-3F27D6232230}"
EndProject
Project("{2150E333-8FDC-42A3-9474-1A3956D46DE8}") = "Task3", "Task3", "{B3B4D2B5-25BD-4C2B-91F9-D74B0FE71977}"
EndProject
Project("{9A19103F-16F7-4668-BE54-9A1E7A4F7556}") = "Tyuiu.KokoulinIV.Sprint4.Task3.V27", "Tyuiu.KokoulinIV.Sprint4.Task3.V27\Tyuiu.KokoulinIV.Sprint4.Task3.V27.csproj", "{FE69A4F0-EEFE-4697-BA31-43DED6C9D6F3}"
EndProject
Project("{9A19103F-16F7-4668-BE54-9A1E7A4F7556}") = "Tyuiu.KokoulinIV.Sprint4.Task3.V27.Lib", "Tyuiu.KokoulinIV.Sprint4.Task3.V27.Lib\Tyuiu.KokoulinIV.Sprint4.Task3.V27.Lib.csproj", "{8A34714D-64A3-4E6A-A20C-CD01DC537024}"
EndProject
Project("{9A19103F-16F7-4668-BE54-9A1E7A4F7556}") = "Tyuiu.KokoulinIV.Sprint4.Task3.V27.Test", "Tyuiu.KokoulinIV.Sprint4.Task3.V27.Test\Tyuiu.KokoulinIV.Sprint4.Task3.V27.Test.csproj", "{46F24BB2-4C12-4F23-8250-E0BB08A9016C}"
EndProject
Project("{2150E333-8FDC-42A3-9474-1A3956D46DE8}") = "Task4", "Task4", "{B4FF0CB0-768B-4F74-B872-75882DF462BD}"
EndProject
Project("{9A19103F-16F7-4668-BE54-9A1E7A4F7556}") = "Tyuiu.KokoulinIV.Sprint4.Task4.V27", "Tyuiu.KokoulinIV.Sprint4.Task4.V27\Tyuiu.KokoulinIV.Sprint4.Task4.V27.csproj", "{938279DE-D3C9-4A55-9CE0-90009EB2D046}"
EndProject
Project("{9A19103F-16F7-4668-BE54-9A1E7A4F7556}") = "Tyuiu.KokoulinIV.Sprint4.Task4.V27.Lib", "Tyuiu.KokoulinIV.Sprint4.Task4.V27.Lib\Tyuiu.KokoulinIV.Sprint4.Task4.V27.Lib.csproj", "{18F189F7-9233-43C8-AE79-0C235A7DE95F}"
EndProject
Project("{9A19103F-16F7-4668-BE54-9A1E7A4F7556}") = "Tyuiu.KokoulinIV.Sprint4.Task4.V27.Test", "Tyuiu.KokoulinIV.Sprint4.Task4.V27.Test\Tyuiu.KokoulinIV.Sprint4.Task4.V27.Test.csproj", "{1C92F62F-4D72-48EC-AAE5-FCF3602E41AD}"
EndProject
Project("{2150E333-8FDC-42A3-9474-1A3956D46DE8}") = "Task5", "Task5", "{480C6E9A-9D5E-4721-A944-1E273CDE82FE}"
EndProject
Project("{9A19103F-16F7-4668-BE54-9A1E7A4F7556}") = "Tyuiu.KokoulinIV.Sprint4.Task5.V24", "Tyuiu.KokoulinIV.Sprint4.Task5.V24\Tyuiu.KokoulinIV.Sprint4.Task5.V24.csproj", "{5F2838DC-24CA-45C5-9F1F-20D76613D7F4}"
EndProject
Project("{9A19103F-16F7-4668-BE54-9A1E7A4F7556}") = "Tyuiu.KokoulinIV.Sprint4.Task5.V24.Lib", "Tyuiu.KokoulinIV.Sprint4.Task5.V24.Lib\Tyuiu.KokoulinIV.Sprint4.Task5.V24.Lib.csproj", "{760C1CCD-3C34-4C99-BD49-D399F0C7EC29}"
EndProject
Project("{9A19103F-16F7-4668-BE54-9A1E7A4F7556}") = "Tyuiu.KokoulinIV.Sprint4.Task5.V24.Test", "Tyuiu.KokoulinIV.Sprint4.Task5.V24.Test\Tyuiu.KokoulinIV.Sprint4.Task5.V24.Test.csproj", "{B308F767-84D4-4995-A53B-914A1CC69298}"
EndProject
Project("{2150E333-8FDC-42A3-9474-1A3956D46DE8}") = "Task6", "Task6", "{DE19C3CE-C6DD-429B-BA8F-632763D95EF0}"
EndProject
Project("{9A19103F-16F7-4668-BE54-9A1E7A4F7556}") = "Tyuiu.KokoulinIV.Sprint4.Task6.V29", "Tyuiu.KokoulinIV.Sprint4.Task6.V29\Tyuiu.KokoulinIV.Sprint4.Task6.V29.csproj", "{48C70B5D-A8C6-4C46-9893-34C48369AA26}"
EndProject
Project("{9A19103F-16F7-4668-BE54-9A1E7A4F7556}") = "Tyuiu.KokoulinIV.Sprint4.Task6.V29.Lib", "Tyuiu.KokoulinIV.Sprint4.Task6.V29.Lib\Tyuiu.KokoulinIV.Sprint4.Task6.V29.Lib.csproj", "{279337D2-78B9-4F56-9E99-1744211DB46C}"
EndProject
Project("{9A19103F-16F7-4668-BE54-9A1E7A4F7556}") = "Tyuiu.KokoulinIV.Sprint4.Task6.V29.Test", "Tyuiu.KokoulinIV.Sprint4.Task6.V29.Test\Tyuiu.KokoulinIV.Sprint4.Task6.V29.Test.csproj", "{3A11E773-E847-483A-B38C-26B1A33C7664}"
EndProject
Project("{2150E333-8FDC-42A3-9474-1A3956D46DE8}") = "Task7", "Task7", "{51A25B22-447E-44B7-8BB6-93905981E6D2}"
EndProject
Project("{FAE04EC0-301F-11D3-BF4B-00C04F79EFBC}") = "Tyuiu.KokoulinIV.Sprint4.Task7.V5", "Tyuiu.KokoulinIV.Sprint4.Task7.V5\Tyuiu.KokoulinIV.Sprint4.Task7.V5.csproj", "{E8441D2C-3F37-446D-B882-9221C15D16E0}"
EndProject
Project("{FAE04EC0-301F-11D3-BF4B-00C04F79EFBC}") = "Tyuiu.KokoulinIV.Sprint4.Task7.V5.Lib", "Tyuiu.KokoulinIV.Sprint4.Task7.V5.Lib\Tyuiu.KokoulinIV.Sprint4.Task7.V5.Lib.csproj", "{BFC7CAEF-CCEE-4147-B583-20E02B8AED6D}"
EndProject
Project("{FAE04EC0-301F-11D3-BF4B-00C04F79EFBC}") = "Tyuiu.KokoulinIV.Sprint4.Task7.V5.Test", "Tyuiu.KokoulinIV.Sprint4.Task7.V5.Test\Tyuiu.KokoulinIV.Sprint4.Task7.V5.Test.csproj", "{4CA18855-D8AA-4359-B0AF-10A4AF2914FC}"
EndProject
Global
	GlobalSection(SolutionConfigurationPlatforms) = preSolution
		Debug|Any CPU = Debug|Any CPU
		Release|Any CPU = Release|Any CPU
	EndGlobalSection
	GlobalSection(ProjectConfigurationPlatforms) = postSolution
		{A93B5B55-33C9-4EA9-A1D8-AC95CE21F502}.Debug|Any CPU.ActiveCfg = Debug|Any CPU
		{A93B5B55-33C9-4EA9-A1D8-AC95CE21F502}.Debug|Any CPU.Build.0 = Debug|Any CPU
		{A93B5B55-33C9-4EA9-A1D8-AC95CE21F502}.Release|Any CPU.ActiveCfg = Release|Any CPU
		{A93B5B55-33C9-4EA9-A1D8-AC95CE21F502}.Release|Any CPU.Build.0 = Release|Any CPU
		{C4BDEB67-07DC-432D-A9DD-2F994FB52714}.Debug|Any CPU.ActiveCfg = Debug|Any CPU
		{C4BDEB67-07DC-432D-A9DD-2F994FB52714}.Debug|Any CPU.Build.0 = Debug|Any CPU
		{C4BDEB67-07DC-432D-A9DD-2F994FB52714}.Release|Any CPU.ActiveCfg = Release|Any CPU
		{C4BDEB67-07DC-432D-A9DD-2F994FB52714}.Release|Any CPU.Build.0 = Release|Any CPU
		{995E6D9D-3F70-4683-987A-9C3936BAD36B}.Debug|Any CPU.ActiveCfg = Debug|Any CPU
		{995E6D9D-3F70-4683-987A-9C3936BAD36B}.Debug|Any CPU.Build.0 = Debug|Any CPU
		{995E6D9D-3F70-4683-987A-9C3936BAD36B}.Release|Any CPU.ActiveCfg = Release|Any CPU
		{995E6D9D-3F70-4683-987A-9C3936BAD36B}.Release|Any CPU.Build.0 = Release|Any CPU
		{4F212FCE-F9A0-43DF-B30E-7322458B4777}.Debug|Any CPU.ActiveCfg = Debug|Any CPU
		{4F212FCE-F9A0-43DF-B30E-7322458B4777}.Debug|Any CPU.Build.0 = Debug|Any CPU
		{4F212FCE-F9A0-43DF-B30E-7322458B4777}.Release|Any CPU.ActiveCfg = Release|Any CPU
		{4F212FCE-F9A0-43DF-B30E-7322458B4777}.Release|Any CPU.Build.0 = Release|Any CPU
		{889AE7CA-1C5B-4948-84C8-3DE506C2C0CA}.Debug|Any CPU.ActiveCfg = Debug|Any CPU
		{889AE7CA-1C5B-4948-84C8-3DE506C2C0CA}.Debug|Any CPU.Build.0 = Debug|Any CPU
		{889AE7CA-1C5B-4948-84C8-3DE506C2C0CA}.Release|Any CPU.ActiveCfg = Release|Any CPU
		{889AE7CA-1C5B-4948-84C8-3DE506C2C0CA}.Release|Any CPU.Build.0 = Release|Any CPU
		{61E89716-905E-4DEF-9081-C0625792D6B9}.Debug|Any CPU.ActiveCfg = Debug|Any CPU
		{61E89716-905E-4DEF-9081-C0625792D6B9}.Debug|Any CPU.Build.0 = Debug|Any CPU
		{61E89716-905E-4DEF-9081-C0625792D6B9}.Release|Any CPU.ActiveCfg = Release|Any CPU
		{61E89716-905E-4DEF-9081-C0625792D6B9}.Release|Any CPU.Build.0 = Release|Any CPU
		{1749D2EC-188F-4FE0-A01A-4860472D14E5}.Debug|Any CPU.ActiveCfg = Debug|Any CPU
		{1749D2EC-188F-4FE0-A01A-4860472D14E5}.Debug|Any CPU.Build.0 = Debug|Any CPU
		{1749D2EC-188F-4FE0-A01A-4860472D14E5}.Release|Any CPU.ActiveCfg = Release|Any CPU
		{1749D2EC-188F-4FE0-A01A-4860472D14E5}.Release|Any CPU.Build.0 = Release|Any CPU
		{3F56CFD8-F5F8-49D1-9899-47FEDE78079C}.Debug|Any CPU.ActiveCfg = Debug|Any CPU
		{3F56CFD8-F5F8-49D1-9899-47FEDE78079C}.Debug|Any CPU.Build.0 = Debug|Any CPU
		{3F56CFD8-F5F8-49D1-9899-47FEDE78079C}.Release|Any CPU.ActiveCfg = Release|Any CPU
		{3F56CFD8-F5F8-49D1-9899-47FEDE78079C}.Release|Any CPU.Build.0 = Release|Any CPU
		{0633026D-81E2-4B76-9C5F-3F27D6232230}.Debug|Any CPU.ActiveCfg = Debug|Any CPU
		{0633026D-81E2-4B76-9C5F-3F27D6232230}.Debug|Any CPU.Build.0 = Debug|Any CPU
		{0633026D-81E2-4B76-9C5F-3F27D6232230}.Release|Any CPU.ActiveCfg = Release|Any CPU
		{0633026D-81E2-4B76-9C5F-3F27D6232230}.Release|Any CPU.Build.0 = Release|Any CPU
		{FE69A4F0-EEFE-4697-BA31-43DED6C9D6F3}.Debug|Any CPU.ActiveCfg = Debug|Any CPU
		{FE69A4F0-EEFE-4697-BA31-43DED6C9D6F3}.Debug|Any CPU.Build.0 = Debug|Any CPU
		{FE69A4F0-EEFE-4697-BA31-43DED6C9D6F3}.Release|Any CPU.ActiveCfg = Release|Any CPU
		{FE69A4F0-EEFE-4697-BA31-43DED6C9D6F3}.Release|Any CPU.Build.0 = Release|Any CPU
		{8A34714D-64A3-4E6A-A20C-CD01DC537024}.Debug|Any CPU.ActiveCfg = Debug|Any CPU
		{8A34714D-64A3-4E6A-A20C-CD01DC537024}.Debug|Any CPU.Build.0 = Debug|Any CPU
		{8A34714D-64A3-4E6A-A20C-CD01DC537024}.Release|Any CPU.ActiveCfg = Release|Any CPU
		{8A34714D-64A3-4E6A-A20C-CD01DC537024}.Release|Any CPU.Build.0 = Release|Any CPU
		{46F24BB2-4C12-4F23-8250-E0BB08A9016C}.Debug|Any CPU.ActiveCfg = Debug|Any CPU
		{46F24BB2-4C12-4F23-8250-E0BB08A9016C}.Debug|Any CPU.Build.0 = Debug|Any CPU
		{46F24BB2-4C12-4F23-8250-E0BB08A9016C}.Release|Any CPU.ActiveCfg = Release|Any CPU
		{46F24BB2-4C12-4F23-8250-E0BB08A9016C}.Release|Any CPU.Build.0 = Release|Any CPU
		{938279DE-D3C9-4A55-9CE0-90009EB2D046}.Debug|Any CPU.ActiveCfg = Debug|Any CPU
		{938279DE-D3C9-4A55-9CE0-90009EB2D046}.Debug|Any CPU.Build.0 = Debug|Any CPU
		{938279DE-D3C9-4A55-9CE0-90009EB2D046}.Release|Any CPU.ActiveCfg = Release|Any CPU
		{938279DE-D3C9-4A55-9CE0-90009EB2D046}.Release|Any CPU.Build.0 = Release|Any CPU
		{18F189F7-9233-43C8-AE79-0C235A7DE95F}.Debug|Any CPU.ActiveCfg = Debug|Any CPU
		{18F189F7-9233-43C8-AE79-0C235A7DE95F}.Debug|Any CPU.Build.0 = Debug|Any CPU
		{18F189F7-9233-43C8-AE79-0C235A7DE95F}.Release|Any CPU.ActiveCfg = Release|Any CPU
		{18F189F7-9233-43C8-AE79-0C235A7DE95F}.Release|Any CPU.Build.0 = Release|Any CPU
		{1C92F62F-4D72-48EC-AAE5-FCF3602E41AD}.Debug|Any CPU.ActiveCfg = Debug|Any CPU
		{1C92F62F-4D72-48EC-AAE5-FCF3602E41AD}.Debug|Any CPU.Build.0 = Debug|Any CPU
		{1C92F62F-4D72-48EC-AAE5-FCF3602E41AD}.Release|Any CPU.ActiveCfg = Release|Any CPU
		{1C92F62F-4D72-48EC-AAE5-FCF3602E41AD}.Release|Any CPU.Build.0 = Release|Any CPU
		{5F2838DC-24CA-45C5-9F1F-20D76613D7F4}.Debug|Any CPU.ActiveCfg = Debug|Any CPU
		{5F2838DC-24CA-45C5-9F1F-20D76613D7F4}.Debug|Any CPU.Build.0 = Debug|Any CPU
		{5F2838DC-24CA-45C5-9F1F-20D76613D7F4}.Release|Any CPU.ActiveCfg = Release|Any CPU
		{5F2838DC-24CA-45C5-9F1F-20D76613D7F4}.Release|Any CPU.Build.0 = Release|Any CPU
		{760C1CCD-3C34-4C99-BD49-D399F0C7EC29}.Debug|Any CPU.ActiveCfg = Debug|Any CPU
		{760C1CCD-3C34-4C99-BD49-D399F0C7EC29}.Debug|Any CPU.Build.0 = Debug|Any CPU
		{760C1CCD-3C34-4C99-BD49-D399F0C7EC29}.Release|Any CPU.ActiveCfg = Release|Any CPU
		{760C1CCD-3C34-4C99-BD49-D399F0C7EC29}.Release|Any CPU.Build.0 = Release|Any CPU
		{B308F767-84D4-4995-A53B-914A1CC69298}.Debug|Any CPU.ActiveCfg = Debug|Any CPU
		{B308F767-84D4-4995-A53B-914A1CC69298}.Debug|Any CPU.Build.0 = Debug|Any CPU
		{B308F767-84D4-4995-A53B-914A1CC69298}.Release|Any CPU.ActiveCfg = Release|Any CPU
		{B308F767-84D4-4995-A53B-914A1CC69298}.Release|Any CPU.Build.0 = Release|Any CPU
		{48C70B5D-A8C6-4C46-9893-34C48369AA26}.Debug|Any CPU.ActiveCfg = Debug|Any CPU
		{48C70B5D-A8C6-4C46-9893-34C48369AA26}.Debug|Any CPU.Build.0 = Debug|Any CPU
		{48C70B5D-A8C6-4C46-9893-34C48369AA26}.Release|Any CPU.ActiveCfg = Release|Any CPU
		{48C70B5D-A8C6-4C46-9893-34C48369AA26}.Release|Any CPU.Build.0 = Release|Any CPU
		{279337D2-78B9-4F56-9E99-1744211DB46C}.Debug|Any CPU.ActiveCfg = Debug|Any CPU
		{279337D2-78B9-4F56-9E99-1744211DB46C}.Debug|Any CPU.Build.0 = Debug|Any CPU
		{279337D2-78B9-4F56-9E99-1744211DB46C}.Release|Any CPU.ActiveCfg = Release|Any CPU
		{279337D2-78B9-4F56-9E99-1744211DB46C}.Release|Any CPU.Build.0 = Release|Any CPU
		{3A11E773-E847-483A-B38C-26B1A33C7664}.Debug|Any CPU.ActiveCfg = Debug|Any CPU
		{3A11E773-E847-483A-B38C-26B1A33C7664}.Debug|Any CPU.Build.0 = Debug|Any CPU
		{3A11E773-E847-483A-B38C-26B1A33C7664}.Release|Any CPU.ActiveCfg = Release|Any CPU
		{3A11E773-E847-483A-B38C-26B1A33C7664}.Release|Any CPU.Build.0 = Release|Any CPU
		{E8441D2C-3F37-446D-B882-9221C15D16E0}.Debug|Any CPU.ActiveCfg = Debug|Any CPU
		{E8441D2C-3F37-446D-B882-9221C15D16E0}.Debug|Any CPU.Build.0 = Debug|Any CPU
		{E8441D2C-3F37-446D-B882-9221C15D16E0}.Release|Any CPU.ActiveCfg = Release|Any CPU
		{E8441D2C-3F37-446D-B882-9221C15D16E0}.Release|Any CPU.Build.0 = Release|Any CPU
		{BFC7CAEF-CCEE-4147-B583-20E02B8AED6D}.Debug|Any CPU.ActiveCfg = Debug|Any CPU
		{BFC7CAEF-CCEE-4147-B583-20E02B8AED6D}.Debug|Any CPU.Build.0 = Debug|Any CPU
		{BFC7CAEF-CCEE-4147-B583-20E02B8AED6D}.Release|Any CPU.ActiveCfg = Release|Any CPU
		{BFC7CAEF-CCEE-4147-B583-20E02B8AED6D}.Release|Any CPU.Build.0 = Release|Any CPU
		{4CA18855-D8AA-4359-B0AF-10A4AF2914FC}.Debug|Any CPU.ActiveCfg = Debug|Any CPU
		{4CA18855-D8AA-4359-B0AF-10A4AF2914FC}.Debug|Any CPU.Build.0 = Debug|Any CPU
		{4CA18855-D8AA-4359-B0AF-10A4AF2914FC}.Release|Any CPU.ActiveCfg = Release|Any CPU
		{4CA18855-D8AA-4359-B0AF-10A4AF2914FC}.Release|Any CPU.Build.0 = Release|Any CPU
	EndGlobalSection
	GlobalSection(SolutionProperties) = preSolution
		HideSolutionNode = FALSE
	EndGlobalSection
	GlobalSection(NestedProjects) = preSolution
		{A93B5B55-33C9-4EA9-A1D8-AC95CE21F502} = {30FA7892-9F27-455D-BA87-A7361CA8E1A7}
		{C4BDEB67-07DC-432D-A9DD-2F994FB52714} = {30FA7892-9F27-455D-BA87-A7361CA8E1A7}
		{995E6D9D-3F70-4683-987A-9C3936BAD36B} = {30FA7892-9F27-455D-BA87-A7361CA8E1A7}
		{4F212FCE-F9A0-43DF-B30E-7322458B4777} = {73EBF156-917D-4C27-98B7-CB901B38177B}
		{889AE7CA-1C5B-4948-84C8-3DE506C2C0CA} = {73EBF156-917D-4C27-98B7-CB901B38177B}
		{61E89716-905E-4DEF-9081-C0625792D6B9} = {73EBF156-917D-4C27-98B7-CB901B38177B}
		{1749D2EC-188F-4FE0-A01A-4860472D14E5} = {FA885177-6BFA-4006-BD94-0F99C1ED3C3C}
		{3F56CFD8-F5F8-49D1-9899-47FEDE78079C} = {FA885177-6BFA-4006-BD94-0F99C1ED3C3C}
		{0633026D-81E2-4B76-9C5F-3F27D6232230} = {FA885177-6BFA-4006-BD94-0F99C1ED3C3C}
		{FE69A4F0-EEFE-4697-BA31-43DED6C9D6F3} = {B3B4D2B5-25BD-4C2B-91F9-D74B0FE71977}
		{8A34714D-64A3-4E6A-A20C-CD01DC537024} = {B3B4D2B5-25BD-4C2B-91F9-D74B0FE71977}
		{46F24BB2-4C12-4F23-8250-E0BB08A9016C} = {B3B4D2B5-25BD-4C2B-91F9-D74B0FE71977}
		{938279DE-D3C9-4A55-9CE0-90009EB2D046} = {B4FF0CB0-768B-4F74-B872-75882DF462BD}
		{18F189F7-9233-43C8-AE79-0C235A7DE95F} = {B4FF0CB0-768B-4F74-B872-75882DF462BD}
		{1C92F62F-4D72-48EC-AAE5-FCF3602E41AD} = {B4FF0CB0-768B-4F74-B872-75882DF462BD}
		{5F2838DC-24CA-45C5-9F1F-20D76613D7F4} = {480C6E9A-9D5E-4721-A944-1E273CDE82FE}
		{760C1CCD-3C34-4C99-BD49-D399F0C7EC29} = {480C6E9A-9D5E-4721-A944-1E273CDE82FE}
		{B308F767-84D4-4995-A53B-914A1CC69298} = {480C6E9A-9D5E-4721-A944-1E273CDE82FE}
		{48C70B5D-A8C6-4C46-9893-34C48369AA26} = {DE19C3CE-C6DD-429B-BA8F-632763D95EF0}
		{279337D2-78B9-4F56-9E99-1744211DB46C} = {DE19C3CE-C6DD-429B-BA8F-632763D95EF0}
		{3A11E773-E847-483A-B38C-26B1A33C7664} = {DE19C3CE-C6DD-429B-BA8F-632763D95EF0}
		{E8441D2C-3F37-446D-B882-9221C15D16E0} = {51A25B22-447E-44B7-8BB6-93905981E6D2}
		{BFC7CAEF-CCEE-4147-B583-20E02B8AED6D} = {51A25B22-447E-44B7-8BB6-93905981E6D2}
		{4CA18855-D8AA-4359-B0AF-10A4AF2914FC} = {51A25B22-447E-44B7-8BB6-93905981E6D2}
	EndGlobalSection
	GlobalSection(ExtensibilityGlobals) = postSolution
		SolutionGuid = {145D1910-AD86-4584-BB24-1080AC5FA359}
	EndGlobalSection
EndGlobal
